
Microsoft Visual Studio Solution File, Format Version 12.00
# Visual Studio Version 17
VisualStudioVersion = 17.5.33516.290
MinimumVisualStudioVersion = 10.0.40219.1
Project("{2150E333-8FDC-42A3-9474-1A3956D46DE8}") = "1.UnitTesting", "1.UnitTesting", "{05CDC1A0-B106-4A65-B183-46737E107176}"
EndProject
Project("{2150E333-8FDC-42A3-9474-1A3956D46DE8}") = "1.Basic", "1.Basic", "{828ADD9C-2BBB-4783-84EE-40388CCAB7F7}"
EndProject
Project("{9A19103F-16F7-4668-BE54-9A1E7A4F7556}") = "Calculator", "1.UnitTesting\1.Basic\Calculator\Calculator.csproj", "{23242974-85FC-426B-AE4A-E19306B8C651}"
EndProject
Project("{9A19103F-16F7-4668-BE54-9A1E7A4F7556}") = "Calculator.Tests.Unit", "1.UnitTesting\1.Basic\Calculator.Tests.Unit\Calculator.Tests.Unit.csproj", "{47605C16-288B-4E1B-B689-34D81B90B032}"
EndProject
Project("{2150E333-8FDC-42A3-9474-1A3956D46DE8}") = "2.CodeReuse", "2.CodeReuse", "{B2607010-5F99-4AA4-88E6-C2A1C67EDADE}"
EndProject
Project("{9A19103F-16F7-4668-BE54-9A1E7A4F7556}") = "User", "1.UnitTesting\2.CodeReuse\User\User.csproj", "{02E1A88F-957F-420E-A948-5D4BB41BDA9B}"
EndProject
Project("{9A19103F-16F7-4668-BE54-9A1E7A4F7556}") = "User.Tests.Unit", "1.UnitTesting\2.CodeReuse\User.Tests.Unit\User.Tests.Unit.csproj", "{80EB3352-9204-442C-AB1A-B205C57E848E}"
EndProject
Project("{2150E333-8FDC-42A3-9474-1A3956D46DE8}") = "3.DeepDive", "3.DeepDive", "{C8EBE7AC-6377-4CED-8666-7CB32C55A08A}"
EndProject
Project("{9A19103F-16F7-4668-BE54-9A1E7A4F7556}") = "CurrencyConverter.API.Tests.Unit", "1.UnitTesting\3.DeepDive\CurrencyConverter.API.Tests.Unit\CurrencyConverter.API.Tests.Unit.csproj", "{3804730B-3598-43F9-A507-EFF1081DAF10}"
EndProject
Project("{9A19103F-16F7-4668-BE54-9A1E7A4F7556}") = "CurrencyConverter.API", "1.UnitTesting\3.DeepDive\CurrencyConverter.API\CurrencyConverter.API.csproj", "{689ED0B6-0CA8-48D7-BBD2-23F21BD79882}"
EndProject
Project("{2150E333-8FDC-42A3-9474-1A3956D46DE8}") = "4.DealingWithDateTime", "4.DealingWithDateTime", "{27E752A0-89B1-4575-A5FC-DD80F391C278}"
EndProject
Project("{9A19103F-16F7-4668-BE54-9A1E7A4F7556}") = "DateTimeEdgeCases", "1.UnitTesting\4.DealingWithDateTime\DateTimeEdgeCases\DateTimeEdgeCases.csproj", "{C5E6FFBA-E850-447D-8EFE-E79834DE4E63}"
EndProject
Project("{9A19103F-16F7-4668-BE54-9A1E7A4F7556}") = "DateTimeEdgeCases.Tests.Unit", "1.UnitTesting\4.DealingWithDateTime\DateTimeEdgeCases.Tests.Unit\DateTimeEdgeCases.Tests.Unit.csproj", "{A150FA17-8210-4796-8F42-134C05837EDB}"
EndProject
Project("{2150E333-8FDC-42A3-9474-1A3956D46DE8}") = "5.CodeCoverage", "5.CodeCoverage", "{FBF1189B-E0A5-436F-B5EE-1716EBFFE3B5}"
EndProject
Project("{FAE04EC0-301F-11D3-BF4B-00C04F79EFBC}") = "StringChecker", "1.UnitTesting\5.CodeCoverage\StringChecker\StringChecker.csproj", "{C0F5A264-7E50-45E8-9691-6F7AF121336F}"
EndProject
Project("{FAE04EC0-301F-11D3-BF4B-00C04F79EFBC}") = "StringChecker.Tests.Unit", "1.UnitTesting\5.CodeCoverage\StringChecker.Tests.Unit\StringChecker.Tests.Unit.csproj", "{F1EF784D-BE95-43F3-A8DC-35058CCB68E2}"
EndProject
Project("{2150E333-8FDC-42A3-9474-1A3956D46DE8}") = "6.MutationTesting", "6.MutationTesting", "{4309C9AF-A1E0-44F1-B2C5-237A51D789AF}"
EndProject
Project("{FAE04EC0-301F-11D3-BF4B-00C04F79EFBC}") = "IntCalculator", "1.UnitTesting\6.MutationTesting\IntCalculator\IntCalculator.csproj", "{203A5BF8-83B0-4A47-9677-FA7EC1263369}"
EndProject
Project("{FAE04EC0-301F-11D3-BF4B-00C04F79EFBC}") = "IntCalculator.Tests.Unit", "1.UnitTesting\6.MutationTesting\IntCalculator.Tests.Unit\IntCalculator.Tests.Unit.csproj", "{34A58E33-EF15-41B8-872C-C27CF5E81376}"
EndProject
Global
	GlobalSection(SolutionConfigurationPlatforms) = preSolution
		Debug|Any CPU = Debug|Any CPU
		Release|Any CPU = Release|Any CPU
	EndGlobalSection
	GlobalSection(ProjectConfigurationPlatforms) = postSolution
		{23242974-85FC-426B-AE4A-E19306B8C651}.Debug|Any CPU.ActiveCfg = Debug|Any CPU
		{23242974-85FC-426B-AE4A-E19306B8C651}.Debug|Any CPU.Build.0 = Debug|Any CPU
		{23242974-85FC-426B-AE4A-E19306B8C651}.Release|Any CPU.ActiveCfg = Release|Any CPU
		{23242974-85FC-426B-AE4A-E19306B8C651}.Release|Any CPU.Build.0 = Release|Any CPU
		{47605C16-288B-4E1B-B689-34D81B90B032}.Debug|Any CPU.ActiveCfg = Debug|Any CPU
		{47605C16-288B-4E1B-B689-34D81B90B032}.Debug|Any CPU.Build.0 = Debug|Any CPU
		{47605C16-288B-4E1B-B689-34D81B90B032}.Release|Any CPU.ActiveCfg = Release|Any CPU
		{47605C16-288B-4E1B-B689-34D81B90B032}.Release|Any CPU.Build.0 = Release|Any CPU
		{02E1A88F-957F-420E-A948-5D4BB41BDA9B}.Debug|Any CPU.ActiveCfg = Debug|Any CPU
		{02E1A88F-957F-420E-A948-5D4BB41BDA9B}.Debug|Any CPU.Build.0 = Debug|Any CPU
		{02E1A88F-957F-420E-A948-5D4BB41BDA9B}.Release|Any CPU.ActiveCfg = Release|Any CPU
		{02E1A88F-957F-420E-A948-5D4BB41BDA9B}.Release|Any CPU.Build.0 = Release|Any CPU
		{80EB3352-9204-442C-AB1A-B205C57E848E}.Debug|Any CPU.ActiveCfg = Debug|Any CPU
		{80EB3352-9204-442C-AB1A-B205C57E848E}.Debug|Any CPU.Build.0 = Debug|Any CPU
		{80EB3352-9204-442C-AB1A-B205C57E848E}.Release|Any CPU.ActiveCfg = Release|Any CPU
		{80EB3352-9204-442C-AB1A-B205C57E848E}.Release|Any CPU.Build.0 = Release|Any CPU
		{3804730B-3598-43F9-A507-EFF1081DAF10}.Debug|Any CPU.ActiveCfg = Debug|Any CPU
		{3804730B-3598-43F9-A507-EFF1081DAF10}.Debug|Any CPU.Build.0 = Debug|Any CPU
		{3804730B-3598-43F9-A507-EFF1081DAF10}.Release|Any CPU.ActiveCfg = Release|Any CPU
		{3804730B-3598-43F9-A507-EFF1081DAF10}.Release|Any CPU.Build.0 = Release|Any CPU
		{689ED0B6-0CA8-48D7-BBD2-23F21BD79882}.Debug|Any CPU.ActiveCfg = Debug|Any CPU
		{689ED0B6-0CA8-48D7-BBD2-23F21BD79882}.Debug|Any CPU.Build.0 = Debug|Any CPU
		{689ED0B6-0CA8-48D7-BBD2-23F21BD79882}.Release|Any CPU.ActiveCfg = Release|Any CPU
		{689ED0B6-0CA8-48D7-BBD2-23F21BD79882}.Release|Any CPU.Build.0 = Release|Any CPU
		{C5E6FFBA-E850-447D-8EFE-E79834DE4E63}.Debug|Any CPU.ActiveCfg = Debug|Any CPU
		{C5E6FFBA-E850-447D-8EFE-E79834DE4E63}.Debug|Any CPU.Build.0 = Debug|Any CPU
		{C5E6FFBA-E850-447D-8EFE-E79834DE4E63}.Release|Any CPU.ActiveCfg = Release|Any CPU
		{C5E6FFBA-E850-447D-8EFE-E79834DE4E63}.Release|Any CPU.Build.0 = Release|Any CPU
		{A150FA17-8210-4796-8F42-134C05837EDB}.Debug|Any CPU.ActiveCfg = Debug|Any CPU
		{A150FA17-8210-4796-8F42-134C05837EDB}.Debug|Any CPU.Build.0 = Debug|Any CPU
		{A150FA17-8210-4796-8F42-134C05837EDB}.Release|Any CPU.ActiveCfg = Release|Any CPU
		{A150FA17-8210-4796-8F42-134C05837EDB}.Release|Any CPU.Build.0 = Release|Any CPU
		{C0F5A264-7E50-45E8-9691-6F7AF121336F}.Debug|Any CPU.ActiveCfg = Debug|Any CPU
		{C0F5A264-7E50-45E8-9691-6F7AF121336F}.Debug|Any CPU.Build.0 = Debug|Any CPU
		{C0F5A264-7E50-45E8-9691-6F7AF121336F}.Release|Any CPU.ActiveCfg = Release|Any CPU
		{C0F5A264-7E50-45E8-9691-6F7AF121336F}.Release|Any CPU.Build.0 = Release|Any CPU
		{F1EF784D-BE95-43F3-A8DC-35058CCB68E2}.Debug|Any CPU.ActiveCfg = Debug|Any CPU
		{F1EF784D-BE95-43F3-A8DC-35058CCB68E2}.Debug|Any CPU.Build.0 = Debug|Any CPU
		{F1EF784D-BE95-43F3-A8DC-35058CCB68E2}.Release|Any CPU.ActiveCfg = Release|Any CPU
		{F1EF784D-BE95-43F3-A8DC-35058CCB68E2}.Release|Any CPU.Build.0 = Release|Any CPU
		{203A5BF8-83B0-4A47-9677-FA7EC1263369}.Debug|Any CPU.ActiveCfg = Debug|Any CPU
		{203A5BF8-83B0-4A47-9677-FA7EC1263369}.Debug|Any CPU.Build.0 = Debug|Any CPU
		{203A5BF8-83B0-4A47-9677-FA7EC1263369}.Release|Any CPU.ActiveCfg = Release|Any CPU
		{203A5BF8-83B0-4A47-9677-FA7EC1263369}.Release|Any CPU.Build.0 = Release|Any CPU
		{34A58E33-EF15-41B8-872C-C27CF5E81376}.Debug|Any CPU.ActiveCfg = Debug|Any CPU
		{34A58E33-EF15-41B8-872C-C27CF5E81376}.Debug|Any CPU.Build.0 = Debug|Any CPU
		{34A58E33-EF15-41B8-872C-C27CF5E81376}.Release|Any CPU.ActiveCfg = Release|Any CPU
		{34A58E33-EF15-41B8-872C-C27CF5E81376}.Release|Any CPU.Build.0 = Release|Any CPU
	EndGlobalSection
	GlobalSection(SolutionProperties) = preSolution
		HideSolutionNode = FALSE
	EndGlobalSection
	GlobalSection(NestedProjects) = preSolution
		{828ADD9C-2BBB-4783-84EE-40388CCAB7F7} = {05CDC1A0-B106-4A65-B183-46737E107176}
		{23242974-85FC-426B-AE4A-E19306B8C651} = {828ADD9C-2BBB-4783-84EE-40388CCAB7F7}
		{47605C16-288B-4E1B-B689-34D81B90B032} = {828ADD9C-2BBB-4783-84EE-40388CCAB7F7}
		{B2607010-5F99-4AA4-88E6-C2A1C67EDADE} = {05CDC1A0-B106-4A65-B183-46737E107176}
		{02E1A88F-957F-420E-A948-5D4BB41BDA9B} = {B2607010-5F99-4AA4-88E6-C2A1C67EDADE}
		{80EB3352-9204-442C-AB1A-B205C57E848E} = {B2607010-5F99-4AA4-88E6-C2A1C67EDADE}
		{C8EBE7AC-6377-4CED-8666-7CB32C55A08A} = {05CDC1A0-B106-4A65-B183-46737E107176}
		{3804730B-3598-43F9-A507-EFF1081DAF10} = {C8EBE7AC-6377-4CED-8666-7CB32C55A08A}
		{689ED0B6-0CA8-48D7-BBD2-23F21BD79882} = {C8EBE7AC-6377-4CED-8666-7CB32C55A08A}
		{27E752A0-89B1-4575-A5FC-DD80F391C278} = {05CDC1A0-B106-4A65-B183-46737E107176}
		{C5E6FFBA-E850-447D-8EFE-E79834DE4E63} = {27E752A0-89B1-4575-A5FC-DD80F391C278}
		{A150FA17-8210-4796-8F42-134C05837EDB} = {27E752A0-89B1-4575-A5FC-DD80F391C278}
		{FBF1189B-E0A5-436F-B5EE-1716EBFFE3B5} = {05CDC1A0-B106-4A65-B183-46737E107176}
		{C0F5A264-7E50-45E8-9691-6F7AF121336F} = {FBF1189B-E0A5-436F-B5EE-1716EBFFE3B5}
		{F1EF784D-BE95-43F3-A8DC-35058CCB68E2} = {FBF1189B-E0A5-436F-B5EE-1716EBFFE3B5}
		{4309C9AF-A1E0-44F1-B2C5-237A51D789AF} = {05CDC1A0-B106-4A65-B183-46737E107176}
		{203A5BF8-83B0-4A47-9677-FA7EC1263369} = {4309C9AF-A1E0-44F1-B2C5-237A51D789AF}
		{34A58E33-EF15-41B8-872C-C27CF5E81376} = {4309C9AF-A1E0-44F1-B2C5-237A51D789AF}
	EndGlobalSection
	GlobalSection(ExtensibilityGlobals) = postSolution
		SolutionGuid = {13D3FD6D-6C89-455F-881B-07F2D846284E}
	EndGlobalSection
EndGlobal
