
Microsoft Visual Studio Solution File, Format Version 12.00
# Visual Studio Version 17
VisualStudioVersion = 17.5.33516.290
MinimumVisualStudioVersion = 10.0.40219.1
Project("{2150E333-8FDC-42A3-9474-1A3956D46DE8}") = "1.UnitTesting", "1.UnitTesting", "{05CDC1A0-B106-4A65-B183-46737E107176}"
EndProject
Project("{2150E333-8FDC-42A3-9474-1A3956D46DE8}") = "1.Basic", "1.Basic", "{828ADD9C-2BBB-4783-84EE-40388CCAB7F7}"
EndProject
Project("{9A19103F-16F7-4668-BE54-9A1E7A4F7556}") = "Calculator", "1.UnitTesting\1.Basic\Calculator\Calculator.csproj", "{23242974-85FC-426B-AE4A-E19306B8C651}"
EndProject
Project("{9A19103F-16F7-4668-BE54-9A1E7A4F7556}") = "Calculator.Tests.Unit", "1.UnitTesting\1.Basic\Calculator.Tests.Unit\Calculator.Tests.Unit.csproj", "{47605C16-288B-4E1B-B689-34D81B90B032}"
EndProject
Project("{2150E333-8FDC-42A3-9474-1A3956D46DE8}") = "2.CodeReuse", "2.CodeReuse", "{B2607010-5F99-4AA4-88E6-C2A1C67EDADE}"
EndProject
Project("{9A19103F-16F7-4668-BE54-9A1E7A4F7556}") = "User", "1.UnitTesting\2.CodeReuse\User\User.csproj", "{02E1A88F-957F-420E-A948-5D4BB41BDA9B}"
EndProject
Project("{FAE04EC0-301F-11D3-BF4B-00C04F79EFBC}") = "User.Tests.Unit", "1.UnitTesting\2.CodeReuse\User.Tests.Unit\User.Tests.Unit.csproj", "{80EB3352-9204-442C-AB1A-B205C57E848E}"
EndProject
Project("{2150E333-8FDC-42A3-9474-1A3956D46DE8}") = "3.DeepDive", "3.DeepDive", "{C8EBE7AC-6377-4CED-8666-7CB32C55A08A}"
EndProject
Project("{FAE04EC0-301F-11D3-BF4B-00C04F79EFBC}") = "CurrencyConverter.API", "1.UnitTesting\3.DeepDive\CurrencyConverter.API\CurrencyConverter.API.csproj", "{F18A8D6F-894C-413B-8BC6-117FFD4C3E8A}"
EndProject
Project("{FAE04EC0-301F-11D3-BF4B-00C04F79EFBC}") = "CurrencyConverter.API.Tests.Unit", "1.UnitTesting\3.DeepDive\CurrencyConverter.API.Tests.Unit\CurrencyConverter.API.Tests.Unit.csproj", "{3804730B-3598-43F9-A507-EFF1081DAF10}"
EndProject
Global
	GlobalSection(SolutionConfigurationPlatforms) = preSolution
		Debug|Any CPU = Debug|Any CPU
		Release|Any CPU = Release|Any CPU
	EndGlobalSection
	GlobalSection(ProjectConfigurationPlatforms) = postSolution
		{23242974-85FC-426B-AE4A-E19306B8C651}.Debug|Any CPU.ActiveCfg = Debug|Any CPU
		{23242974-85FC-426B-AE4A-E19306B8C651}.Debug|Any CPU.Build.0 = Debug|Any CPU
		{23242974-85FC-426B-AE4A-E19306B8C651}.Release|Any CPU.ActiveCfg = Release|Any CPU
		{23242974-85FC-426B-AE4A-E19306B8C651}.Release|Any CPU.Build.0 = Release|Any CPU
		{47605C16-288B-4E1B-B689-34D81B90B032}.Debug|Any CPU.ActiveCfg = Debug|Any CPU
		{47605C16-288B-4E1B-B689-34D81B90B032}.Debug|Any CPU.Build.0 = Debug|Any CPU
		{47605C16-288B-4E1B-B689-34D81B90B032}.Release|Any CPU.ActiveCfg = Release|Any CPU
		{47605C16-288B-4E1B-B689-34D81B90B032}.Release|Any CPU.Build.0 = Release|Any CPU
		{02E1A88F-957F-420E-A948-5D4BB41BDA9B}.Debug|Any CPU.ActiveCfg = Debug|Any CPU
		{02E1A88F-957F-420E-A948-5D4BB41BDA9B}.Debug|Any CPU.Build.0 = Debug|Any CPU
		{02E1A88F-957F-420E-A948-5D4BB41BDA9B}.Release|Any CPU.ActiveCfg = Release|Any CPU
		{02E1A88F-957F-420E-A948-5D4BB41BDA9B}.Release|Any CPU.Build.0 = Release|Any CPU
		{80EB3352-9204-442C-AB1A-B205C57E848E}.Debug|Any CPU.ActiveCfg = Debug|Any CPU
		{80EB3352-9204-442C-AB1A-B205C57E848E}.Debug|Any CPU.Build.0 = Debug|Any CPU
		{80EB3352-9204-442C-AB1A-B205C57E848E}.Release|Any CPU.ActiveCfg = Release|Any CPU
		{80EB3352-9204-442C-AB1A-B205C57E848E}.Release|Any CPU.Build.0 = Release|Any CPU
		{F18A8D6F-894C-413B-8BC6-117FFD4C3E8A}.Debug|Any CPU.ActiveCfg = Debug|Any CPU
		{F18A8D6F-894C-413B-8BC6-117FFD4C3E8A}.Debug|Any CPU.Build.0 = Debug|Any CPU
		{F18A8D6F-894C-413B-8BC6-117FFD4C3E8A}.Release|Any CPU.ActiveCfg = Release|Any CPU
		{F18A8D6F-894C-413B-8BC6-117FFD4C3E8A}.Release|Any CPU.Build.0 = Release|Any CPU
		{3804730B-3598-43F9-A507-EFF1081DAF10}.Debug|Any CPU.ActiveCfg = Debug|Any CPU
		{3804730B-3598-43F9-A507-EFF1081DAF10}.Debug|Any CPU.Build.0 = Debug|Any CPU
		{3804730B-3598-43F9-A507-EFF1081DAF10}.Release|Any CPU.ActiveCfg = Release|Any CPU
		{3804730B-3598-43F9-A507-EFF1081DAF10}.Release|Any CPU.Build.0 = Release|Any CPU
	EndGlobalSection
	GlobalSection(SolutionProperties) = preSolution
		HideSolutionNode = FALSE
	EndGlobalSection
	GlobalSection(NestedProjects) = preSolution
		{828ADD9C-2BBB-4783-84EE-40388CCAB7F7} = {05CDC1A0-B106-4A65-B183-46737E107176}
		{23242974-85FC-426B-AE4A-E19306B8C651} = {828ADD9C-2BBB-4783-84EE-40388CCAB7F7}
		{47605C16-288B-4E1B-B689-34D81B90B032} = {828ADD9C-2BBB-4783-84EE-40388CCAB7F7}
		{B2607010-5F99-4AA4-88E6-C2A1C67EDADE} = {05CDC1A0-B106-4A65-B183-46737E107176}
		{02E1A88F-957F-420E-A948-5D4BB41BDA9B} = {B2607010-5F99-4AA4-88E6-C2A1C67EDADE}
		{80EB3352-9204-442C-AB1A-B205C57E848E} = {B2607010-5F99-4AA4-88E6-C2A1C67EDADE}
		{C8EBE7AC-6377-4CED-8666-7CB32C55A08A} = {05CDC1A0-B106-4A65-B183-46737E107176}
		{F18A8D6F-894C-413B-8BC6-117FFD4C3E8A} = {C8EBE7AC-6377-4CED-8666-7CB32C55A08A}
		{3804730B-3598-43F9-A507-EFF1081DAF10} = {C8EBE7AC-6377-4CED-8666-7CB32C55A08A}
	EndGlobalSection
	GlobalSection(ExtensibilityGlobals) = postSolution
		SolutionGuid = {13D3FD6D-6C89-455F-881B-07F2D846284E}
	EndGlobalSection
EndGlobal
